
Microsoft Visual Studio Solution File, Format Version 12.00
# Visual Studio 15
VisualStudioVersion = 15.0.26730.10
MinimumVisualStudioVersion = 10.0.40219.1
Project("{FAE04EC0-301F-11D3-BF4B-00C04F79EFBC}") = "DependencyInjectionProject", "DependencyInjectionProject\DependencyInjectionProject.csproj", "{B413571A-2BA7-4131-A9E7-C8434C5591EC}"
EndProject
Global
	GlobalSection(SolutionConfigurationPlatforms) = preSolution
		Debug|Any CPU = Debug|Any CPU
		Release|Any CPU = Release|Any CPU
	EndGlobalSection
	GlobalSection(ProjectConfigurationPlatforms) = postSolution
		{B413571A-2BA7-4131-A9E7-C8434C5591EC}.Debug|Any CPU.ActiveCfg = Debug|Any CPU
		{B413571A-2BA7-4131-A9E7-C8434C5591EC}.Debug|Any CPU.Build.0 = Debug|Any CPU
		{B413571A-2BA7-4131-A9E7-C8434C5591EC}.Release|Any CPU.ActiveCfg = Release|Any CPU
		{B413571A-2BA7-4131-A9E7-C8434C5591EC}.Release|Any CPU.Build.0 = Release|Any CPU
	EndGlobalSection
	GlobalSection(SolutionProperties) = preSolution
		HideSolutionNode = FALSE
	EndGlobalSection
	GlobalSection(ExtensibilityGlobals) = postSolution
		SolutionGuid = {ED00649A-054A-457B-BA42-D357E2139312}
	EndGlobalSection
EndGlobal
